{
  "object": {
    "pins": [
      {
        "package": "URLImage",
        "repositoryURL": "https://github.com/dmytro-anokhin/url-image",
        "state": {
          "branch": null,
          "revision": "3b7ff74c546a55ef56e2d73cb61ad456c492ff24",
          "version": "2.2.4"
        }
      }
    ]
  },
  "version": 1
}
