PODS:
  - core (0.1.1)
  - SwiftLint (0.43.1)

DEPENDENCIES:
  - core (from `../../core/`)
  - SwiftLint

SPEC REPOS:
  trunk:
    - SwiftLint

EXTERNAL SOURCES:
  core:
    :path: "../../core/"

SPEC CHECKSUMS:
  core: efd8abfb8a02748e83c028ec3161f237ac2fed1c
  SwiftLint: 99f82d07b837b942dd563c668de129a03fc3fb52

PODFILE CHECKSUM: 8f99b53742b69f726034daf87aae3d2a0e3e99c5

COCOAPODS: 1.10.1
