// !$*UTF8*$!
{
	archiveVersion = 1;
	classes = {
	};
	objectVersion = 51;
	objects = {

/* Begin PBXBuildFile section */
		4D43EBB2268CD84E00AAD3D3 /* CustomTextField.swift in Sources */ = {isa = PBXBuildFile; fileRef = 4D43EBB1268CD84E00AAD3D3 /* CustomTextField.swift */; };
		4D852417268063FD00717155 /* ViewExtensions.swift in Sources */ = {isa = PBXBuildFile; fileRef = 4D852416268063FD00717155 /* ViewExtensions.swift */; };
		4D85241D2681AE4300717155 /* RemoteImage.swift in Sources */ = {isa = PBXBuildFile; fileRef = 4D85241C2681AE4200717155 /* RemoteImage.swift */; };
		4D8524202681AEE500717155 /* RemoteImageLoader.swift in Sources */ = {isa = PBXBuildFile; fileRef = 4D85241F2681AEE500717155 /* RemoteImageLoader.swift */; };
		4D8524232681BB9100717155 /* AsyncImage.swift in Sources */ = {isa = PBXBuildFile; fileRef = 4D8524222681BB9100717155 /* AsyncImage.swift */; };
		4D85242526830FE100717155 /* GenreSelectionScreen.swift in Sources */ = {isa = PBXBuildFile; fileRef = 4D85242426830FE100717155 /* GenreSelectionScreen.swift */; };
		4D852427268599A300717155 /* PreferenceSelectionScreen.swift in Sources */ = {isa = PBXBuildFile; fileRef = 4D852426268599A300717155 /* PreferenceSelectionScreen.swift */; };
		4D85242D2689A97800717155 /* GameListView.swift in Sources */ = {isa = PBXBuildFile; fileRef = 4D85242C2689A97800717155 /* GameListView.swift */; };
		4D85242F2689A98500717155 /* LibraryView.swift in Sources */ = {isa = PBXBuildFile; fileRef = 4D85242E2689A98500717155 /* LibraryView.swift */; };
		4D8524312689A98F00717155 /* SearchView.swift in Sources */ = {isa = PBXBuildFile; fileRef = 4D8524302689A98F00717155 /* SearchView.swift */; };
		4D852436268A8AEC00717155 /* GameDetailScreen.swift in Sources */ = {isa = PBXBuildFile; fileRef = 4D852435268A8AEC00717155 /* GameDetailScreen.swift */; };
		4D992C3C267EE5EF00EBE926 /* ScoutApp.swift in Sources */ = {isa = PBXBuildFile; fileRef = 4D992C3B267EE5EF00EBE926 /* ScoutApp.swift */; };
		4D992C40267EE5F000EBE926 /* Assets.xcassets in Resources */ = {isa = PBXBuildFile; fileRef = 4D992C3F267EE5F000EBE926 /* Assets.xcassets */; };
		4D992C43267EE5F000EBE926 /* Preview Assets.xcassets in Resources */ = {isa = PBXBuildFile; fileRef = 4D992C42267EE5F000EBE926 /* Preview Assets.xcassets */; };
		4DBA2AC5268ADBBD00A140BF /* ViewMoreScreen.swift in Sources */ = {isa = PBXBuildFile; fileRef = 4DBA2AC4268ADBBD00A140BF /* ViewMoreScreen.swift */; };
		61659A63267F109500991C05 /* AuthenticatonScreen.swift in Sources */ = {isa = PBXBuildFile; fileRef = 61659A62267F109500991C05 /* AuthenticatonScreen.swift */; };
		61659A7B267F252A00991C05 /* Koin.swift in Sources */ = {isa = PBXBuildFile; fileRef = 61659A7A267F252A00991C05 /* Koin.swift */; };
		61659A7F267F2C5100991C05 /* PlatformSelectionScreen.swift in Sources */ = {isa = PBXBuildFile; fileRef = 61659A7E267F2C5100991C05 /* PlatformSelectionScreen.swift */; };
		61659A872680140400991C05 /* HomeScreen.swift in Sources */ = {isa = PBXBuildFile; fileRef = 61659A862680140400991C05 /* HomeScreen.swift */; };
		97844A0D48AA676790C4022B /* Pods_Scout.framework in Frameworks */ = {isa = PBXBuildFile; fileRef = 1933327FD8FDADBE67F21929 /* Pods_Scout.framework */; };
/* End PBXBuildFile section */

/* Begin PBXFileReference section */
		1933327FD8FDADBE67F21929 /* Pods_Scout.framework */ = {isa = PBXFileReference; explicitFileType = wrapper.framework; includeInIndex = 0; path = Pods_Scout.framework; sourceTree = BUILT_PRODUCTS_DIR; };
		47E2A5E30FD34B969B28812F /* Pods-Scout.release.xcconfig */ = {isa = PBXFileReference; includeInIndex = 1; lastKnownFileType = text.xcconfig; name = "Pods-Scout.release.xcconfig"; path = "Target Support Files/Pods-Scout/Pods-Scout.release.xcconfig"; sourceTree = "<group>"; };
		4D43EBB1268CD84E00AAD3D3 /* CustomTextField.swift */ = {isa = PBXFileReference; lastKnownFileType = sourcecode.swift; path = CustomTextField.swift; sourceTree = "<group>"; };
		4D852416268063FD00717155 /* ViewExtensions.swift */ = {isa = PBXFileReference; lastKnownFileType = sourcecode.swift; path = ViewExtensions.swift; sourceTree = "<group>"; };
		4D85241C2681AE4200717155 /* RemoteImage.swift */ = {isa = PBXFileReference; lastKnownFileType = sourcecode.swift; path = RemoteImage.swift; sourceTree = "<group>"; };
		4D85241F2681AEE500717155 /* RemoteImageLoader.swift */ = {isa = PBXFileReference; lastKnownFileType = sourcecode.swift; path = RemoteImageLoader.swift; sourceTree = "<group>"; };
		4D8524222681BB9100717155 /* AsyncImage.swift */ = {isa = PBXFileReference; lastKnownFileType = sourcecode.swift; path = AsyncImage.swift; sourceTree = "<group>"; };
		4D85242426830FE100717155 /* GenreSelectionScreen.swift */ = {isa = PBXFileReference; lastKnownFileType = sourcecode.swift; path = GenreSelectionScreen.swift; sourceTree = "<group>"; };
		4D852426268599A300717155 /* PreferenceSelectionScreen.swift */ = {isa = PBXFileReference; lastKnownFileType = sourcecode.swift; path = PreferenceSelectionScreen.swift; sourceTree = "<group>"; };
		4D85242C2689A97800717155 /* GameListView.swift */ = {isa = PBXFileReference; lastKnownFileType = sourcecode.swift; path = GameListView.swift; sourceTree = "<group>"; };
		4D85242E2689A98500717155 /* LibraryView.swift */ = {isa = PBXFileReference; lastKnownFileType = sourcecode.swift; path = LibraryView.swift; sourceTree = "<group>"; };
		4D8524302689A98F00717155 /* SearchView.swift */ = {isa = PBXFileReference; lastKnownFileType = sourcecode.swift; path = SearchView.swift; sourceTree = "<group>"; };
		4D852435268A8AEC00717155 /* GameDetailScreen.swift */ = {isa = PBXFileReference; lastKnownFileType = sourcecode.swift; path = GameDetailScreen.swift; sourceTree = "<group>"; };
		4D992C38267EE5EF00EBE926 /* Scout.app */ = {isa = PBXFileReference; explicitFileType = wrapper.application; includeInIndex = 0; path = Scout.app; sourceTree = BUILT_PRODUCTS_DIR; };
		4D992C3B267EE5EF00EBE926 /* ScoutApp.swift */ = {isa = PBXFileReference; lastKnownFileType = sourcecode.swift; path = ScoutApp.swift; sourceTree = "<group>"; };
		4D992C3F267EE5F000EBE926 /* Assets.xcassets */ = {isa = PBXFileReference; lastKnownFileType = folder.assetcatalog; path = Assets.xcassets; sourceTree = "<group>"; };
		4D992C42267EE5F000EBE926 /* Preview Assets.xcassets */ = {isa = PBXFileReference; lastKnownFileType = folder.assetcatalog; path = "Preview Assets.xcassets"; sourceTree = "<group>"; };
		4D992C44267EE5F000EBE926 /* Info.plist */ = {isa = PBXFileReference; lastKnownFileType = text.plist.xml; path = Info.plist; sourceTree = "<group>"; };
		4DBA2AC4268ADBBD00A140BF /* ViewMoreScreen.swift */ = {isa = PBXFileReference; lastKnownFileType = sourcecode.swift; path = ViewMoreScreen.swift; sourceTree = "<group>"; };
		61659A62267F109500991C05 /* AuthenticatonScreen.swift */ = {isa = PBXFileReference; lastKnownFileType = sourcecode.swift; path = AuthenticatonScreen.swift; sourceTree = "<group>"; };
		61659A7A267F252A00991C05 /* Koin.swift */ = {isa = PBXFileReference; lastKnownFileType = sourcecode.swift; path = Koin.swift; sourceTree = "<group>"; };
		61659A7E267F2C5100991C05 /* PlatformSelectionScreen.swift */ = {isa = PBXFileReference; lastKnownFileType = sourcecode.swift; path = PlatformSelectionScreen.swift; sourceTree = "<group>"; };
		61659A862680140400991C05 /* HomeScreen.swift */ = {isa = PBXFileReference; lastKnownFileType = sourcecode.swift; path = HomeScreen.swift; sourceTree = "<group>"; };
		7CC648AEDC737C65AE5715B8 /* Pods-Scout.debug.xcconfig */ = {isa = PBXFileReference; includeInIndex = 1; lastKnownFileType = text.xcconfig; name = "Pods-Scout.debug.xcconfig"; path = "Target Support Files/Pods-Scout/Pods-Scout.debug.xcconfig"; sourceTree = "<group>"; };
/* End PBXFileReference section */

/* Begin PBXFrameworksBuildPhase section */
		4D992C35267EE5EF00EBE926 /* Frameworks */ = {
			isa = PBXFrameworksBuildPhase;
			buildActionMask = 2147483647;
			files = (
				97844A0D48AA676790C4022B /* Pods_Scout.framework in Frameworks */,
			);
			runOnlyForDeploymentPostprocessing = 0;
		};
/* End PBXFrameworksBuildPhase section */

/* Begin PBXGroup section */
		4D43EBB0268CD83E00AAD3D3 /* Text */ = {
			isa = PBXGroup;
			children = (
				4D43EBB1268CD84E00AAD3D3 /* CustomTextField.swift */,
			);
			path = Text;
			sourceTree = "<group>";
		};
		4D852415268063E900717155 /* Extensions */ = {
			isa = PBXGroup;
			children = (
				4D852416268063FD00717155 /* ViewExtensions.swift */,
			);
			path = Extensions;
			sourceTree = "<group>";
		};
		4D8524182681A7FE00717155 /* Utils */ = {
			isa = PBXGroup;
			children = (
				4D8524192681A80700717155 /* Components */,
				4D852415268063E900717155 /* Extensions */,
			);
			path = Utils;
			sourceTree = "<group>";
		};
		4D8524192681A80700717155 /* Components */ = {
			isa = PBXGroup;
			children = (
				4D43EBB0268CD83E00AAD3D3 /* Text */,
				4D85241E2681AECB00717155 /* Image */,
			);
			path = Components;
			sourceTree = "<group>";
		};
		4D85241E2681AECB00717155 /* Image */ = {
			isa = PBXGroup;
			children = (
				4D85241C2681AE4200717155 /* RemoteImage.swift */,
				4D85241F2681AEE500717155 /* RemoteImageLoader.swift */,
				4D8524222681BB9100717155 /* AsyncImage.swift */,
			);
			path = Image;
			sourceTree = "<group>";
		};
		4D852432268A8AA800717155 /* GameDetails */ = {
			isa = PBXGroup;
			children = (
				4D852435268A8AEC00717155 /* GameDetailScreen.swift */,
			);
			path = GameDetails;
			sourceTree = "<group>";
		};
		4D992C2F267EE5EF00EBE926 = {
			isa = PBXGroup;
			children = (
				4D992C3A267EE5EF00EBE926 /* Scout */,
				4D992C39267EE5EF00EBE926 /* Products */,
				9FB594BE0BBA2780F01B3C61 /* Pods */,
				C7C2B95595189D501ADA477D /* Frameworks */,
			);
			sourceTree = "<group>";
		};
		4D992C39267EE5EF00EBE926 /* Products */ = {
			isa = PBXGroup;
			children = (
				4D992C38267EE5EF00EBE926 /* Scout.app */,
			);
			name = Products;
			sourceTree = "<group>";
		};
		4D992C3A267EE5EF00EBE926 /* Scout */ = {
			isa = PBXGroup;
			children = (
				4D8524182681A7FE00717155 /* Utils */,
				4D992C41267EE5F000EBE926 /* Preview Content */,
				61659A5F267F106600991C05 /* Features */,
				4D992C3F267EE5F000EBE926 /* Assets.xcassets */,
				4D992C44267EE5F000EBE926 /* Info.plist */,
				61659A7A267F252A00991C05 /* Koin.swift */,
				4D992C3B267EE5EF00EBE926 /* ScoutApp.swift */,
			);
			path = Scout;
			sourceTree = "<group>";
		};
		4D992C41267EE5F000EBE926 /* Preview Content */ = {
			isa = PBXGroup;
			children = (
				4D992C42267EE5F000EBE926 /* Preview Assets.xcassets */,
			);
			path = "Preview Content";
			sourceTree = "<group>";
		};
		61659A5F267F106600991C05 /* Features */ = {
			isa = PBXGroup;
			children = (
				4D852432268A8AA800717155 /* GameDetails */,
				61659A85268013F200991C05 /* Home */,
				61659A7D267F2C2600991C05 /* PreferenceSelection */,
				61659A60267F107500991C05 /* Authentication */,
			);
			path = Features;
			sourceTree = "<group>";
		};
		61659A60267F107500991C05 /* Authentication */ = {
			isa = PBXGroup;
			children = (
				61659A62267F109500991C05 /* AuthenticatonScreen.swift */,
			);
			path = Authentication;
			sourceTree = "<group>";
		};
		61659A7D267F2C2600991C05 /* PreferenceSelection */ = {
			isa = PBXGroup;
			children = (
				4D852426268599A300717155 /* PreferenceSelectionScreen.swift */,
				61659A7E267F2C5100991C05 /* PlatformSelectionScreen.swift */,
				4D85242426830FE100717155 /* GenreSelectionScreen.swift */,
			);
			path = PreferenceSelection;
			sourceTree = "<group>";
		};
		61659A85268013F200991C05 /* Home */ = {
			isa = PBXGroup;
			children = (
				61659A862680140400991C05 /* HomeScreen.swift */,
				4D85242C2689A97800717155 /* GameListView.swift */,
				4D85242E2689A98500717155 /* LibraryView.swift */,
				4D8524302689A98F00717155 /* SearchView.swift */,
				4DBA2AC4268ADBBD00A140BF /* ViewMoreScreen.swift */,
			);
			path = Home;
			sourceTree = "<group>";
		};
		9FB594BE0BBA2780F01B3C61 /* Pods */ = {
			isa = PBXGroup;
			children = (
				7CC648AEDC737C65AE5715B8 /* Pods-Scout.debug.xcconfig */,
				47E2A5E30FD34B969B28812F /* Pods-Scout.release.xcconfig */,
			);
			path = Pods;
			sourceTree = "<group>";
		};
		C7C2B95595189D501ADA477D /* Frameworks */ = {
			isa = PBXGroup;
			children = (
				1933327FD8FDADBE67F21929 /* Pods_Scout.framework */,
			);
			name = Frameworks;
			sourceTree = "<group>";
		};
/* End PBXGroup section */

/* Begin PBXNativeTarget section */
		4D992C37267EE5EF00EBE926 /* Scout */ = {
			isa = PBXNativeTarget;
			buildConfigurationList = 4D992C47267EE5F000EBE926 /* Build configuration list for PBXNativeTarget "Scout" */;
			buildPhases = (
				5638F1CAAF4EE471004D9C47 /* [CP] Check Pods Manifest.lock */,
				4D8524212681B4DA00717155 /* ShellScript */,
				4D992C34267EE5EF00EBE926 /* Sources */,
				4D992C35267EE5EF00EBE926 /* Frameworks */,
				4D992C36267EE5EF00EBE926 /* Resources */,
				D259AC2E85361C843400E8B3 /* [CP] Embed Pods Frameworks */,
			);
			buildRules = (
			);
			dependencies = (
			);
			name = Scout;
			productName = Scout;
			productReference = 4D992C38267EE5EF00EBE926 /* Scout.app */;
			productType = "com.apple.product-type.application";
		};
/* End PBXNativeTarget section */

/* Begin PBXProject section */
		4D992C30267EE5EF00EBE926 /* Project object */ = {
			isa = PBXProject;
			attributes = {
				LastSwiftUpdateCheck = 1250;
				LastUpgradeCheck = 1250;
				TargetAttributes = {
					4D992C37267EE5EF00EBE926 = {
						CreatedOnToolsVersion = 12.5;
					};
				};
			};
			buildConfigurationList = 4D992C33267EE5EF00EBE926 /* Build configuration list for PBXProject "Scout" */;
			compatibilityVersion = "Xcode 9.3";
			developmentRegion = en;
			hasScannedForEncodings = 0;
			knownRegions = (
				en,
				Base,
			);
			mainGroup = 4D992C2F267EE5EF00EBE926;
			productRefGroup = 4D992C39267EE5EF00EBE926 /* Products */;
			projectDirPath = "";
			projectRoot = "";
			targets = (
				4D992C37267EE5EF00EBE926 /* Scout */,
			);
		};
/* End PBXProject section */

/* Begin PBXResourcesBuildPhase section */
		4D992C36267EE5EF00EBE926 /* Resources */ = {
			isa = PBXResourcesBuildPhase;
			buildActionMask = 2147483647;
			files = (
				4D992C43267EE5F000EBE926 /* Preview Assets.xcassets in Resources */,
				4D992C40267EE5F000EBE926 /* Assets.xcassets in Resources */,
			);
			runOnlyForDeploymentPostprocessing = 0;
		};
/* End PBXResourcesBuildPhase section */

/* Begin PBXShellScriptBuildPhase section */
		4D8524212681B4DA00717155 /* ShellScript */ = {
			isa = PBXShellScriptBuildPhase;
			buildActionMask = 2147483647;
			files = (
			);
			inputFileListPaths = (
			);
			inputPaths = (
			);
			outputFileListPaths = (
			);
			outputPaths = (
			);
			runOnlyForDeploymentPostprocessing = 0;
			shellPath = /bin/sh;
			shellScript = "if which \"${PODS_ROOT}/SwiftLint/swiftlint\" >/dev/null; then\n    ${PODS_ROOT}/SwiftLint/swiftlint autocorrect && ${PODS_ROOT}/SwiftLint/swiftlint\nelse\n    echo \"warning: SwiftLint not installed, download from https://github.com/realm/SwiftLint\"\nfi\n";
		};
		5638F1CAAF4EE471004D9C47 /* [CP] Check Pods Manifest.lock */ = {
			isa = PBXShellScriptBuildPhase;
			buildActionMask = 2147483647;
			files = (
			);
			inputFileListPaths = (
			);
			inputPaths = (
				"${PODS_PODFILE_DIR_PATH}/Podfile.lock",
				"${PODS_ROOT}/Manifest.lock",
			);
			name = "[CP] Check Pods Manifest.lock";
			outputFileListPaths = (
			);
			outputPaths = (
				"$(DERIVED_FILE_DIR)/Pods-Scout-checkManifestLockResult.txt",
			);
			runOnlyForDeploymentPostprocessing = 0;
			shellPath = /bin/sh;
			shellScript = "diff \"${PODS_PODFILE_DIR_PATH}/Podfile.lock\" \"${PODS_ROOT}/Manifest.lock\" > /dev/null\nif [ $? != 0 ] ; then\n    # print error to STDERR\n    echo \"error: The sandbox is not in sync with the Podfile.lock. Run 'pod install' or update your CocoaPods installation.\" >&2\n    exit 1\nfi\n# This output is used by Xcode 'outputs' to avoid re-running this script phase.\necho \"SUCCESS\" > \"${SCRIPT_OUTPUT_FILE_0}\"\n";
			showEnvVarsInLog = 0;
		};
		D259AC2E85361C843400E8B3 /* [CP] Embed Pods Frameworks */ = {
			isa = PBXShellScriptBuildPhase;
			buildActionMask = 2147483647;
			files = (
			);
			inputFileListPaths = (
				"${PODS_ROOT}/Target Support Files/Pods-Scout/Pods-Scout-frameworks-${CONFIGURATION}-input-files.xcfilelist",
			);
			name = "[CP] Embed Pods Frameworks";
			outputFileListPaths = (
				"${PODS_ROOT}/Target Support Files/Pods-Scout/Pods-Scout-frameworks-${CONFIGURATION}-output-files.xcfilelist",
			);
			runOnlyForDeploymentPostprocessing = 0;
			shellPath = /bin/sh;
			shellScript = "\"${PODS_ROOT}/Target Support Files/Pods-Scout/Pods-Scout-frameworks.sh\"\n";
			showEnvVarsInLog = 0;
		};
/* End PBXShellScriptBuildPhase section */

/* Begin PBXSourcesBuildPhase section */
		4D992C34267EE5EF00EBE926 /* Sources */ = {
			isa = PBXSourcesBuildPhase;
			buildActionMask = 2147483647;
			files = (
				4D852427268599A300717155 /* PreferenceSelectionScreen.swift in Sources */,
				4D8524202681AEE500717155 /* RemoteImageLoader.swift in Sources */,
				4D85242D2689A97800717155 /* GameListView.swift in Sources */,
				4D8524232681BB9100717155 /* AsyncImage.swift in Sources */,
				61659A7B267F252A00991C05 /* Koin.swift in Sources */,
				4D85242F2689A98500717155 /* LibraryView.swift in Sources */,
				4D852436268A8AEC00717155 /* GameDetailScreen.swift in Sources */,
				4D852417268063FD00717155 /* ViewExtensions.swift in Sources */,
				4D43EBB2268CD84E00AAD3D3 /* CustomTextField.swift in Sources */,
				4D85241D2681AE4300717155 /* RemoteImage.swift in Sources */,
				61659A872680140400991C05 /* HomeScreen.swift in Sources */,
				4D85242526830FE100717155 /* GenreSelectionScreen.swift in Sources */,
				4D8524312689A98F00717155 /* SearchView.swift in Sources */,
				4D992C3C267EE5EF00EBE926 /* ScoutApp.swift in Sources */,
				61659A63267F109500991C05 /* AuthenticatonScreen.swift in Sources */,
				61659A7F267F2C5100991C05 /* PlatformSelectionScreen.swift in Sources */,
				4DBA2AC5268ADBBD00A140BF /* ViewMoreScreen.swift in Sources */,
			);
			runOnlyForDeploymentPostprocessing = 0;
		};
/* End PBXSourcesBuildPhase section */

/* Begin XCBuildConfiguration section */
		4D992C45267EE5F000EBE926 /* Debug */ = {
			isa = XCBuildConfiguration;
			buildSettings = {
				ALWAYS_SEARCH_USER_PATHS = NO;
				CLANG_ANALYZER_NONNULL = YES;
				CLANG_ANALYZER_NUMBER_OBJECT_CONVERSION = YES_AGGRESSIVE;
				CLANG_CXX_LANGUAGE_STANDARD = "gnu++14";
				CLANG_CXX_LIBRARY = "libc++";
				CLANG_ENABLE_MODULES = YES;
				CLANG_ENABLE_OBJC_ARC = YES;
				CLANG_ENABLE_OBJC_WEAK = YES;
				CLANG_WARN_BLOCK_CAPTURE_AUTORELEASING = YES;
				CLANG_WARN_BOOL_CONVERSION = YES;
				CLANG_WARN_COMMA = YES;
				CLANG_WARN_CONSTANT_CONVERSION = YES;
				CLANG_WARN_DEPRECATED_OBJC_IMPLEMENTATIONS = YES;
				CLANG_WARN_DIRECT_OBJC_ISA_USAGE = YES_ERROR;
				CLANG_WARN_DOCUMENTATION_COMMENTS = YES;
				CLANG_WARN_EMPTY_BODY = YES;
				CLANG_WARN_ENUM_CONVERSION = YES;
				CLANG_WARN_INFINITE_RECURSION = YES;
				CLANG_WARN_INT_CONVERSION = YES;
				CLANG_WARN_NON_LITERAL_NULL_CONVERSION = YES;
				CLANG_WARN_OBJC_IMPLICIT_RETAIN_SELF = YES;
				CLANG_WARN_OBJC_LITERAL_CONVERSION = YES;
				CLANG_WARN_OBJC_ROOT_CLASS = YES_ERROR;
				CLANG_WARN_QUOTED_INCLUDE_IN_FRAMEWORK_HEADER = YES;
				CLANG_WARN_RANGE_LOOP_ANALYSIS = YES;
				CLANG_WARN_STRICT_PROTOTYPES = YES;
				CLANG_WARN_SUSPICIOUS_MOVE = YES;
				CLANG_WARN_UNGUARDED_AVAILABILITY = YES_AGGRESSIVE;
				CLANG_WARN_UNREACHABLE_CODE = YES;
				CLANG_WARN__DUPLICATE_METHOD_MATCH = YES;
				COPY_PHASE_STRIP = NO;
				DEBUG_INFORMATION_FORMAT = dwarf;
				ENABLE_STRICT_OBJC_MSGSEND = YES;
				ENABLE_TESTABILITY = YES;
				GCC_C_LANGUAGE_STANDARD = gnu11;
				GCC_DYNAMIC_NO_PIC = NO;
				GCC_NO_COMMON_BLOCKS = YES;
				GCC_OPTIMIZATION_LEVEL = 0;
				GCC_PREPROCESSOR_DEFINITIONS = (
					"DEBUG=1",
					"$(inherited)",
				);
				GCC_WARN_64_TO_32_BIT_CONVERSION = YES;
				GCC_WARN_ABOUT_RETURN_TYPE = YES_ERROR;
				GCC_WARN_UNDECLARED_SELECTOR = YES;
				GCC_WARN_UNINITIALIZED_AUTOS = YES_AGGRESSIVE;
				GCC_WARN_UNUSED_FUNCTION = YES;
				GCC_WARN_UNUSED_VARIABLE = YES;
				IPHONEOS_DEPLOYMENT_TARGET = 14.5;
				MTL_ENABLE_DEBUG_INFO = INCLUDE_SOURCE;
				MTL_FAST_MATH = YES;
				ONLY_ACTIVE_ARCH = YES;
				SDKROOT = iphoneos;
				SWIFT_ACTIVE_COMPILATION_CONDITIONS = DEBUG;
				SWIFT_OPTIMIZATION_LEVEL = "-Onone";
			};
			name = Debug;
		};
		4D992C46267EE5F000EBE926 /* Release */ = {
			isa = XCBuildConfiguration;
			buildSettings = {
				ALWAYS_SEARCH_USER_PATHS = NO;
				CLANG_ANALYZER_NONNULL = YES;
				CLANG_ANALYZER_NUMBER_OBJECT_CONVERSION = YES_AGGRESSIVE;
				CLANG_CXX_LANGUAGE_STANDARD = "gnu++14";
				CLANG_CXX_LIBRARY = "libc++";
				CLANG_ENABLE_MODULES = YES;
				CLANG_ENABLE_OBJC_ARC = YES;
				CLANG_ENABLE_OBJC_WEAK = YES;
				CLANG_WARN_BLOCK_CAPTURE_AUTORELEASING = YES;
				CLANG_WARN_BOOL_CONVERSION = YES;
				CLANG_WARN_COMMA = YES;
				CLANG_WARN_CONSTANT_CONVERSION = YES;
				CLANG_WARN_DEPRECATED_OBJC_IMPLEMENTATIONS = YES;
				CLANG_WARN_DIRECT_OBJC_ISA_USAGE = YES_ERROR;
				CLANG_WARN_DOCUMENTATION_COMMENTS = YES;
				CLANG_WARN_EMPTY_BODY = YES;
				CLANG_WARN_ENUM_CONVERSION = YES;
				CLANG_WARN_INFINITE_RECURSION = YES;
				CLANG_WARN_INT_CONVERSION = YES;
				CLANG_WARN_NON_LITERAL_NULL_CONVERSION = YES;
				CLANG_WARN_OBJC_IMPLICIT_RETAIN_SELF = YES;
				CLANG_WARN_OBJC_LITERAL_CONVERSION = YES;
				CLANG_WARN_OBJC_ROOT_CLASS = YES_ERROR;
				CLANG_WARN_QUOTED_INCLUDE_IN_FRAMEWORK_HEADER = YES;
				CLANG_WARN_RANGE_LOOP_ANALYSIS = YES;
				CLANG_WARN_STRICT_PROTOTYPES = YES;
				CLANG_WARN_SUSPICIOUS_MOVE = YES;
				CLANG_WARN_UNGUARDED_AVAILABILITY = YES_AGGRESSIVE;
				CLANG_WARN_UNREACHABLE_CODE = YES;
				CLANG_WARN__DUPLICATE_METHOD_MATCH = YES;
				COPY_PHASE_STRIP = NO;
				DEBUG_INFORMATION_FORMAT = "dwarf-with-dsym";
				ENABLE_NS_ASSERTIONS = NO;
				ENABLE_STRICT_OBJC_MSGSEND = YES;
				GCC_C_LANGUAGE_STANDARD = gnu11;
				GCC_NO_COMMON_BLOCKS = YES;
				GCC_WARN_64_TO_32_BIT_CONVERSION = YES;
				GCC_WARN_ABOUT_RETURN_TYPE = YES_ERROR;
				GCC_WARN_UNDECLARED_SELECTOR = YES;
				GCC_WARN_UNINITIALIZED_AUTOS = YES_AGGRESSIVE;
				GCC_WARN_UNUSED_FUNCTION = YES;
				GCC_WARN_UNUSED_VARIABLE = YES;
				IPHONEOS_DEPLOYMENT_TARGET = 14.5;
				MTL_ENABLE_DEBUG_INFO = NO;
				MTL_FAST_MATH = YES;
				SDKROOT = iphoneos;
				SWIFT_COMPILATION_MODE = wholemodule;
				SWIFT_OPTIMIZATION_LEVEL = "-O";
				VALIDATE_PRODUCT = YES;
			};
			name = Release;
		};
		4D992C48267EE5F000EBE926 /* Debug */ = {
			isa = XCBuildConfiguration;
			baseConfigurationReference = 7CC648AEDC737C65AE5715B8 /* Pods-Scout.debug.xcconfig */;
			buildSettings = {
				ASSETCATALOG_COMPILER_APPICON_NAME = AppIcon;
				ASSETCATALOG_COMPILER_GLOBAL_ACCENT_COLOR_NAME = AccentColor;
				CODE_SIGN_STYLE = Automatic;
				DEVELOPMENT_ASSET_PATHS = "\"Scout/Preview Content\"";
				DEVELOPMENT_TEAM = WSQY55G4Z6;
				ENABLE_PREVIEWS = YES;
				INFOPLIST_FILE = Scout/Info.plist;
				IPHONEOS_DEPLOYMENT_TARGET = 14.0;
				LD_RUNPATH_SEARCH_PATHS = (
					"$(inherited)",
					"@executable_path/Frameworks",
				);
				OTHER_LDFLAGS = (
					"$(inherited)",
					"-ObjC",
					"-l\"c++\"",
					"-framework",
					"\"ScoutCommon\"",
					"-lsqlite3",
				);
				PRODUCT_BUNDLE_IDENTIFIER = com.abhishek101.Scout;
				PRODUCT_NAME = "$(TARGET_NAME)";
				SWIFT_VERSION = 5.0;
				TARGETED_DEVICE_FAMILY = "1,2";
			};
			name = Debug;
		};
		4D992C49267EE5F000EBE926 /* Release */ = {
			isa = XCBuildConfiguration;
			baseConfigurationReference = 47E2A5E30FD34B969B28812F /* Pods-Scout.release.xcconfig */;
			buildSettings = {
				ASSETCATALOG_COMPILER_APPICON_NAME = AppIcon;
				ASSETCATALOG_COMPILER_GLOBAL_ACCENT_COLOR_NAME = AccentColor;
				CODE_SIGN_STYLE = Automatic;
				DEVELOPMENT_ASSET_PATHS = "\"Scout/Preview Content\"";
				DEVELOPMENT_TEAM = WSQY55G4Z6;
				ENABLE_PREVIEWS = YES;
				INFOPLIST_FILE = Scout/Info.plist;
				IPHONEOS_DEPLOYMENT_TARGET = 14.0;
				LD_RUNPATH_SEARCH_PATHS = (
					"$(inherited)",
					"@executable_path/Frameworks",
				);
				OTHER_LDFLAGS = (
					"$(inherited)",
					"-ObjC",
					"-l\"c++\"",
					"-framework",
					"\"ScoutCommon\"",
					"-lsqlite3",
				);
				PRODUCT_BUNDLE_IDENTIFIER = com.abhishek101.Scout;
				PRODUCT_NAME = "$(TARGET_NAME)";
				SWIFT_VERSION = 5.0;
				TARGETED_DEVICE_FAMILY = "1,2";
			};
			name = Release;
		};
/* End XCBuildConfiguration section */

/* Begin XCConfigurationList section */
		4D992C33267EE5EF00EBE926 /* Build configuration list for PBXProject "Scout" */ = {
			isa = XCConfigurationList;
			buildConfigurations = (
				4D992C45267EE5F000EBE926 /* Debug */,
				4D992C46267EE5F000EBE926 /* Release */,
			);
			defaultConfigurationIsVisible = 0;
			defaultConfigurationName = Release;
		};
		4D992C47267EE5F000EBE926 /* Build configuration list for PBXNativeTarget "Scout" */ = {
			isa = XCConfigurationList;
			buildConfigurations = (
				4D992C48267EE5F000EBE926 /* Debug */,
				4D992C49267EE5F000EBE926 /* Release */,
			);
			defaultConfigurationIsVisible = 0;
			defaultConfigurationName = Release;
		};
/* End XCConfigurationList section */
	};
	rootObject = 4D992C30267EE5EF00EBE926 /* Project object */;
}
