// !$*UTF8*$!
{
	archiveVersion = 1;
	classes = {
	};
	objectVersion = 52;
	objects = {

/* Begin PBXBuildFile section */
		4D067D1A263BDBC00048864A /* HomeScreenViewModel.swift in Sources */ = {isa = PBXBuildFile; fileRef = 4D067D19263BDBC00048864A /* HomeScreenViewModel.swift */; };
		4D3CFB48263E0E8900721289 /* TitledContainer.swift in Sources */ = {isa = PBXBuildFile; fileRef = 4D3CFB47263E0E8900721289 /* TitledContainer.swift */; };
		4DBF2B72263E202200C3087D /* GamePosterGrid.swift in Sources */ = {isa = PBXBuildFile; fileRef = 4DBF2B71263E202100C3087D /* GamePosterGrid.swift */; };
		4DBF2B74263E6D3000C3087D /* MainAppNavigator.swift in Sources */ = {isa = PBXBuildFile; fileRef = 4DBF2B73263E6D3000C3087D /* MainAppNavigator.swift */; };
		4DBF2B78263E6EBA00C3087D /* ExpandedList.swift in Sources */ = {isa = PBXBuildFile; fileRef = 4DBF2B77263E6EBA00C3087D /* ExpandedList.swift */; };
		4DBF2B7B263E6EE200C3087D /* GameDetailScreen.swift in Sources */ = {isa = PBXBuildFile; fileRef = 4DBF2B7A263E6EE200C3087D /* GameDetailScreen.swift */; };
		4DC5C95A26368C820094F3B9 /* OnBoardingNavigator.swift in Sources */ = {isa = PBXBuildFile; fileRef = 4DC5C95926368C820094F3B9 /* OnBoardingNavigator.swift */; };
		4DC5C95E26368D1C0094F3B9 /* PlatformSelection.swift in Sources */ = {isa = PBXBuildFile; fileRef = 4DC5C95D26368D1C0094F3B9 /* PlatformSelection.swift */; };
		4DC5C9652637D7BA0094F3B9 /* PlatformSelectionViewModel.swift in Sources */ = {isa = PBXBuildFile; fileRef = 4DC5C9642637D7BA0094F3B9 /* PlatformSelectionViewModel.swift */; };
		4DC5C96A2637D9D40094F3B9 /* LazyView.swift in Sources */ = {isa = PBXBuildFile; fileRef = 4DC5C9692637D9D40094F3B9 /* LazyView.swift */; };
		4DC5C96E2637DAD10094F3B9 /* FullScreenZStack.swift in Sources */ = {isa = PBXBuildFile; fileRef = 4DC5C96D2637DAD10094F3B9 /* FullScreenZStack.swift */; };
		4DC5C9722637E5A90094F3B9 /* FullScreenVStack.swift in Sources */ = {isa = PBXBuildFile; fileRef = 4DC5C9712637E5A90094F3B9 /* FullScreenVStack.swift */; };
		4DC5C979263924EB0094F3B9 /* CircularSelectableImage.swift in Sources */ = {isa = PBXBuildFile; fileRef = 4DC5C978263924EB0094F3B9 /* CircularSelectableImage.swift */; };
		4DC5C97D263936DB0094F3B9 /* URLImage in Frameworks */ = {isa = PBXBuildFile; productRef = 4DC5C97C263936DB0094F3B9 /* URLImage */; };
		4DC5C981263937F10094F3B9 /* UrlUtils.swift in Sources */ = {isa = PBXBuildFile; fileRef = 4DC5C980263937F10094F3B9 /* UrlUtils.swift */; };
		4DC5C98926393C120094F3B9 /* ViewExtensions.swift in Sources */ = {isa = PBXBuildFile; fileRef = 4DC5C98826393C120094F3B9 /* ViewExtensions.swift */; };
		4DC5C98D26393FF40094F3B9 /* GenreSelection.swift in Sources */ = {isa = PBXBuildFile; fileRef = 4DC5C98C26393FF40094F3B9 /* GenreSelection.swift */; };
		4DC5C991263A74DA0094F3B9 /* GenreSelectionViewModel.swift in Sources */ = {isa = PBXBuildFile; fileRef = 4DC5C990263A74DA0094F3B9 /* GenreSelectionViewModel.swift */; };
		4DC5C994263A7B8C0094F3B9 /* OnBoardingViewModel.swift in Sources */ = {isa = PBXBuildFile; fileRef = 4DC5C993263A7B8C0094F3B9 /* OnBoardingViewModel.swift */; };
		4DC5C998263A7C200094F3B9 /* MainApp.swift in Sources */ = {isa = PBXBuildFile; fileRef = 4DC5C997263A7C200094F3B9 /* MainApp.swift */; };
		4DC5C99D263A81280094F3B9 /* HomeScreen.swift in Sources */ = {isa = PBXBuildFile; fileRef = 4DC5C99C263A81280094F3B9 /* HomeScreen.swift */; };
		4DC5C9A2263A814D0094F3B9 /* SearchScreen.swift in Sources */ = {isa = PBXBuildFile; fileRef = 4DC5C9A1263A814D0094F3B9 /* SearchScreen.swift */; };
		4DC5C9A7263A816C0094F3B9 /* ProfileScreen.swift in Sources */ = {isa = PBXBuildFile; fileRef = 4DC5C9A6263A816C0094F3B9 /* ProfileScreen.swift */; };
		612E691325FC871C00721076 /* Koin.swift in Sources */ = {isa = PBXBuildFile; fileRef = 612E691225FC871C00721076 /* Koin.swift */; };
		612E691425FC871C00721076 /* Koin.swift in Sources */ = {isa = PBXBuildFile; fileRef = 612E691225FC871C00721076 /* Koin.swift */; };
		612E692925FC935500721076 /* SplashScreenViewModel.swift in Sources */ = {isa = PBXBuildFile; fileRef = 612E692825FC935500721076 /* SplashScreenViewModel.swift */; };
		612E692A25FC935500721076 /* SplashScreenViewModel.swift in Sources */ = {isa = PBXBuildFile; fileRef = 612E692825FC935500721076 /* SplashScreenViewModel.swift */; };
		61BCD6AB26048128004AA34C /* Theme.xcassets in Resources */ = {isa = PBXBuildFile; fileRef = 61BCD6AA26048128004AA34C /* Theme.xcassets */; };
		61BCD6AC26048128004AA34C /* Theme.xcassets in Resources */ = {isa = PBXBuildFile; fileRef = 61BCD6AA26048128004AA34C /* Theme.xcassets */; };
		61DA99BC25F752120028CD06 /* GameTrackerApp.swift in Sources */ = {isa = PBXBuildFile; fileRef = 61DA99A925F752110028CD06 /* GameTrackerApp.swift */; };
		61DA99BD25F752120028CD06 /* GameTrackerApp.swift in Sources */ = {isa = PBXBuildFile; fileRef = 61DA99A925F752110028CD06 /* GameTrackerApp.swift */; };
		61DA99BE25F752120028CD06 /* SplashScreen.swift in Sources */ = {isa = PBXBuildFile; fileRef = 61DA99AA25F752110028CD06 /* SplashScreen.swift */; };
		61DA99BF25F752120028CD06 /* SplashScreen.swift in Sources */ = {isa = PBXBuildFile; fileRef = 61DA99AA25F752110028CD06 /* SplashScreen.swift */; };
		61DA99C025F752120028CD06 /* Assets.xcassets in Resources */ = {isa = PBXBuildFile; fileRef = 61DA99AB25F752120028CD06 /* Assets.xcassets */; };
		61DA99C125F752120028CD06 /* Assets.xcassets in Resources */ = {isa = PBXBuildFile; fileRef = 61DA99AB25F752120028CD06 /* Assets.xcassets */; };
		61DA99DF25F755A60028CD06 /* core.framework in Frameworks */ = {isa = PBXBuildFile; fileRef = 61DA99CF25F753230028CD06 /* core.framework */; };
		61DA99E025F755A60028CD06 /* core.framework in Embed Frameworks */ = {isa = PBXBuildFile; fileRef = 61DA99CF25F753230028CD06 /* core.framework */; settings = {ATTRIBUTES = (CodeSignOnCopy, RemoveHeadersOnCopy, ); }; };
		6A03A2CF82605BF2B72F758E /* HorizontalImageList.swift in Sources */ = {isa = PBXBuildFile; fileRef = 6A03AABF469C3C0DACBAFCB4 /* HorizontalImageList.swift */; };
/* End PBXBuildFile section */

/* Begin PBXCopyFilesBuildPhase section */
		61DA99E125F755A60028CD06 /* Embed Frameworks */ = {
			isa = PBXCopyFilesBuildPhase;
			buildActionMask = 2147483647;
			dstPath = "";
			dstSubfolderSpec = 10;
			files = (
				61DA99E025F755A60028CD06 /* core.framework in Embed Frameworks */,
			);
			name = "Embed Frameworks";
			runOnlyForDeploymentPostprocessing = 0;
		};
/* End PBXCopyFilesBuildPhase section */

/* Begin PBXFileReference section */
		4D067D19263BDBC00048864A /* HomeScreenViewModel.swift */ = {isa = PBXFileReference; lastKnownFileType = sourcecode.swift; path = HomeScreenViewModel.swift; sourceTree = "<group>"; };
		4D3CFB47263E0E8900721289 /* TitledContainer.swift */ = {isa = PBXFileReference; lastKnownFileType = sourcecode.swift; path = TitledContainer.swift; sourceTree = "<group>"; };
		4DBF2B71263E202100C3087D /* GamePosterGrid.swift */ = {isa = PBXFileReference; lastKnownFileType = sourcecode.swift; path = GamePosterGrid.swift; sourceTree = "<group>"; };
		4DBF2B73263E6D3000C3087D /* MainAppNavigator.swift */ = {isa = PBXFileReference; lastKnownFileType = sourcecode.swift; path = MainAppNavigator.swift; sourceTree = "<group>"; };
		4DBF2B77263E6EBA00C3087D /* ExpandedList.swift */ = {isa = PBXFileReference; lastKnownFileType = sourcecode.swift; path = ExpandedList.swift; sourceTree = "<group>"; };
		4DBF2B7A263E6EE200C3087D /* GameDetailScreen.swift */ = {isa = PBXFileReference; lastKnownFileType = sourcecode.swift; path = GameDetailScreen.swift; sourceTree = "<group>"; };
		4DC5C95926368C820094F3B9 /* OnBoardingNavigator.swift */ = {isa = PBXFileReference; lastKnownFileType = sourcecode.swift; path = OnBoardingNavigator.swift; sourceTree = "<group>"; };
		4DC5C95D26368D1C0094F3B9 /* PlatformSelection.swift */ = {isa = PBXFileReference; lastKnownFileType = sourcecode.swift; path = PlatformSelection.swift; sourceTree = "<group>"; };
		4DC5C9642637D7BA0094F3B9 /* PlatformSelectionViewModel.swift */ = {isa = PBXFileReference; lastKnownFileType = sourcecode.swift; path = PlatformSelectionViewModel.swift; sourceTree = "<group>"; };
		4DC5C9692637D9D40094F3B9 /* LazyView.swift */ = {isa = PBXFileReference; lastKnownFileType = sourcecode.swift; path = LazyView.swift; sourceTree = "<group>"; };
		4DC5C96D2637DAD10094F3B9 /* FullScreenZStack.swift */ = {isa = PBXFileReference; lastKnownFileType = sourcecode.swift; path = FullScreenZStack.swift; sourceTree = "<group>"; };
		4DC5C9712637E5A90094F3B9 /* FullScreenVStack.swift */ = {isa = PBXFileReference; lastKnownFileType = sourcecode.swift; path = FullScreenVStack.swift; sourceTree = "<group>"; };
		4DC5C978263924EB0094F3B9 /* CircularSelectableImage.swift */ = {isa = PBXFileReference; lastKnownFileType = sourcecode.swift; path = CircularSelectableImage.swift; sourceTree = "<group>"; };
		4DC5C980263937F10094F3B9 /* UrlUtils.swift */ = {isa = PBXFileReference; lastKnownFileType = sourcecode.swift; path = UrlUtils.swift; sourceTree = "<group>"; };
		4DC5C98826393C120094F3B9 /* ViewExtensions.swift */ = {isa = PBXFileReference; lastKnownFileType = sourcecode.swift; path = ViewExtensions.swift; sourceTree = "<group>"; };
		4DC5C98C26393FF40094F3B9 /* GenreSelection.swift */ = {isa = PBXFileReference; lastKnownFileType = sourcecode.swift; path = GenreSelection.swift; sourceTree = "<group>"; };
		4DC5C990263A74DA0094F3B9 /* GenreSelectionViewModel.swift */ = {isa = PBXFileReference; lastKnownFileType = sourcecode.swift; path = GenreSelectionViewModel.swift; sourceTree = "<group>"; };
		4DC5C993263A7B8C0094F3B9 /* OnBoardingViewModel.swift */ = {isa = PBXFileReference; lastKnownFileType = sourcecode.swift; path = OnBoardingViewModel.swift; sourceTree = "<group>"; };
		4DC5C997263A7C200094F3B9 /* MainApp.swift */ = {isa = PBXFileReference; lastKnownFileType = sourcecode.swift; path = MainApp.swift; sourceTree = "<group>"; };
		4DC5C99C263A81280094F3B9 /* HomeScreen.swift */ = {isa = PBXFileReference; lastKnownFileType = sourcecode.swift; path = HomeScreen.swift; sourceTree = "<group>"; };
		4DC5C9A1263A814D0094F3B9 /* SearchScreen.swift */ = {isa = PBXFileReference; lastKnownFileType = sourcecode.swift; path = SearchScreen.swift; sourceTree = "<group>"; };
		4DC5C9A6263A816C0094F3B9 /* ProfileScreen.swift */ = {isa = PBXFileReference; lastKnownFileType = sourcecode.swift; path = ProfileScreen.swift; sourceTree = "<group>"; };
		612E691225FC871C00721076 /* Koin.swift */ = {isa = PBXFileReference; lastKnownFileType = sourcecode.swift; path = Koin.swift; sourceTree = "<group>"; };
		612E692825FC935500721076 /* SplashScreenViewModel.swift */ = {isa = PBXFileReference; lastKnownFileType = sourcecode.swift; path = SplashScreenViewModel.swift; sourceTree = "<group>"; };
		61BCD6AA26048128004AA34C /* Theme.xcassets */ = {isa = PBXFileReference; lastKnownFileType = folder.assetcatalog; path = Theme.xcassets; sourceTree = "<group>"; };
		61DA99A925F752110028CD06 /* GameTrackerApp.swift */ = {isa = PBXFileReference; lastKnownFileType = sourcecode.swift; path = GameTrackerApp.swift; sourceTree = "<group>"; };
		61DA99AA25F752110028CD06 /* SplashScreen.swift */ = {isa = PBXFileReference; lastKnownFileType = sourcecode.swift; path = SplashScreen.swift; sourceTree = "<group>"; };
		61DA99AB25F752120028CD06 /* Assets.xcassets */ = {isa = PBXFileReference; lastKnownFileType = folder.assetcatalog; path = Assets.xcassets; sourceTree = "<group>"; };
		61DA99B025F752120028CD06 /* Scout.app */ = {isa = PBXFileReference; explicitFileType = wrapper.application; includeInIndex = 0; path = Scout.app; sourceTree = BUILT_PRODUCTS_DIR; };
		61DA99B325F752120028CD06 /* Info.plist */ = {isa = PBXFileReference; lastKnownFileType = text.plist.xml; path = Info.plist; sourceTree = "<group>"; };
		61DA99B825F752120028CD06 /* Scout.app */ = {isa = PBXFileReference; explicitFileType = wrapper.application; includeInIndex = 0; path = Scout.app; sourceTree = BUILT_PRODUCTS_DIR; };
		61DA99BA25F752120028CD06 /* Info.plist */ = {isa = PBXFileReference; lastKnownFileType = text.plist.xml; path = Info.plist; sourceTree = "<group>"; };
		61DA99BB25F752120028CD06 /* macOS.entitlements */ = {isa = PBXFileReference; lastKnownFileType = text.plist.entitlements; path = macOS.entitlements; sourceTree = "<group>"; };
		61DA99CF25F753230028CD06 /* core.framework */ = {isa = PBXFileReference; lastKnownFileType = wrapper.framework; name = core.framework; path = "../core/build/xcode-frameworks/core.framework"; sourceTree = "<group>"; };
		61DA99D525F754AD0028CD06 /* core.framework.dSYM */ = {isa = PBXFileReference; lastKnownFileType = wrapper.dsym; name = core.framework.dSYM; path = "../core/build/xcode-frameworks/core.framework.dSYM"; sourceTree = "<group>"; };
		61DA99D625F754C00028CD06 /* core */ = {isa = PBXFileReference; lastKnownFileType = "compiled.mach-o.dylib"; name = core; path = "../core/build/xcode-frameworks/core.framework/core"; sourceTree = "<group>"; };
		61DA99E625F756E60028CD06 /* core.framework */ = {isa = PBXFileReference; lastKnownFileType = wrapper.framework; name = core.framework; path = "../core/build/xcode-frameworks/core.framework"; sourceTree = "<group>"; };
		6A03AABF469C3C0DACBAFCB4 /* HorizontalImageList.swift */ = {isa = PBXFileReference; fileEncoding = 4; lastKnownFileType = sourcecode.swift; path = HorizontalImageList.swift; sourceTree = "<group>"; };
/* End PBXFileReference section */

/* Begin PBXFrameworksBuildPhase section */
		61DA99AD25F752120028CD06 /* Frameworks */ = {
			isa = PBXFrameworksBuildPhase;
			buildActionMask = 2147483647;
			files = (
				4DC5C97D263936DB0094F3B9 /* URLImage in Frameworks */,
				61DA99DF25F755A60028CD06 /* core.framework in Frameworks */,
			);
			runOnlyForDeploymentPostprocessing = 0;
		};
		61DA99B525F752120028CD06 /* Frameworks */ = {
			isa = PBXFrameworksBuildPhase;
			buildActionMask = 2147483647;
			files = (
			);
			runOnlyForDeploymentPostprocessing = 0;
		};
/* End PBXFrameworksBuildPhase section */

/* Begin PBXGroup section */
		4DBF2B75263E6E9E00C3087D /* ExpandedList */ = {
			isa = PBXGroup;
			children = (
				4DBF2B77263E6EBA00C3087D /* ExpandedList.swift */,
			);
			path = ExpandedList;
			sourceTree = "<group>";
		};
		4DBF2B79263E6ED000C3087D /* GameDetail */ = {
			isa = PBXGroup;
			children = (
				4DBF2B7A263E6EE200C3087D /* GameDetailScreen.swift */,
			);
			path = GameDetail;
			sourceTree = "<group>";
		};
		4DC5C95526368B460094F3B9 /* Onboarding */ = {
			isa = PBXGroup;
			children = (
				612E692725FC933F00721076 /* Splash */,
				4DC5C95926368C820094F3B9 /* OnBoardingNavigator.swift */,
				4DC5C993263A7B8C0094F3B9 /* OnBoardingViewModel.swift */,
			);
			path = Onboarding;
			sourceTree = "<group>";
		};
		4DC5C95C26368D000094F3B9 /* PlatformSelection */ = {
			isa = PBXGroup;
			children = (
				4DC5C95D26368D1C0094F3B9 /* PlatformSelection.swift */,
				4DC5C9642637D7BA0094F3B9 /* PlatformSelectionViewModel.swift */,
			);
			path = PlatformSelection;
			sourceTree = "<group>";
		};
		4DC5C9682637D9CA0094F3B9 /* Components */ = {
			isa = PBXGroup;
			children = (
				4DC5C9692637D9D40094F3B9 /* LazyView.swift */,
				4DC5C96D2637DAD10094F3B9 /* FullScreenZStack.swift */,
				4DC5C9712637E5A90094F3B9 /* FullScreenVStack.swift */,
				4DC5C978263924EB0094F3B9 /* CircularSelectableImage.swift */,
				6A03AABF469C3C0DACBAFCB4 /* HorizontalImageList.swift */,
				4D3CFB47263E0E8900721289 /* TitledContainer.swift */,
				4DBF2B71263E202100C3087D /* GamePosterGrid.swift */,
			);
			path = Components;
			sourceTree = "<group>";
		};
		4DC5C97F263937BA0094F3B9 /* Utils */ = {
			isa = PBXGroup;
			children = (
				4DC5C980263937F10094F3B9 /* UrlUtils.swift */,
				4DC5C98826393C120094F3B9 /* ViewExtensions.swift */,
			);
			path = Utils;
			sourceTree = "<group>";
		};
		4DC5C98B26393FE70094F3B9 /* GenreSelection */ = {
			isa = PBXGroup;
			children = (
				4DC5C98C26393FF40094F3B9 /* GenreSelection.swift */,
				4DC5C990263A74DA0094F3B9 /* GenreSelectionViewModel.swift */,
			);
			path = GenreSelection;
			sourceTree = "<group>";
		};
		4DC5C996263A7C040094F3B9 /* MainApp */ = {
			isa = PBXGroup;
			children = (
				4DBF2B79263E6ED000C3087D /* GameDetail */,
				4DBF2B75263E6E9E00C3087D /* ExpandedList */,
				4DC5C9A5263A815F0094F3B9 /* Profile */,
				4DC5C9A0263A813F0094F3B9 /* Search */,
				4DC5C99B263A810C0094F3B9 /* Home */,
				4DC5C997263A7C200094F3B9 /* MainApp.swift */,
				4DBF2B73263E6D3000C3087D /* MainAppNavigator.swift */,
			);
			path = MainApp;
			sourceTree = "<group>";
		};
		4DC5C99B263A810C0094F3B9 /* Home */ = {
			isa = PBXGroup;
			children = (
				4DC5C99C263A81280094F3B9 /* HomeScreen.swift */,
				4D067D19263BDBC00048864A /* HomeScreenViewModel.swift */,
			);
			path = Home;
			sourceTree = "<group>";
		};
		4DC5C9A0263A813F0094F3B9 /* Search */ = {
			isa = PBXGroup;
			children = (
				4DC5C9A1263A814D0094F3B9 /* SearchScreen.swift */,
			);
			path = Search;
			sourceTree = "<group>";
		};
		4DC5C9A5263A815F0094F3B9 /* Profile */ = {
			isa = PBXGroup;
			children = (
				4DC5C9A6263A816C0094F3B9 /* ProfileScreen.swift */,
			);
			path = Profile;
			sourceTree = "<group>";
		};
		612E691725FC8A3900721076 /* Ui */ = {
			isa = PBXGroup;
			children = (
				4DC5C97F263937BA0094F3B9 /* Utils */,
				4DC5C9682637D9CA0094F3B9 /* Components */,
				61BCD6AE26048137004AA34C /* Themes */,
				612E692525FC930F00721076 /* Features */,
			);
			path = Ui;
			sourceTree = "<group>";
		};
		612E691925FC8ECF00721076 /* Di */ = {
			isa = PBXGroup;
			children = (
				612E691225FC871C00721076 /* Koin.swift */,
			);
			path = Di;
			sourceTree = "<group>";
		};
		612E692525FC930F00721076 /* Features */ = {
			isa = PBXGroup;
			children = (
				4DC5C996263A7C040094F3B9 /* MainApp */,
				4DC5C98B26393FE70094F3B9 /* GenreSelection */,
				4DC5C95C26368D000094F3B9 /* PlatformSelection */,
				4DC5C95526368B460094F3B9 /* Onboarding */,
			);
			path = Features;
			sourceTree = "<group>";
		};
		612E692725FC933F00721076 /* Splash */ = {
			isa = PBXGroup;
			children = (
				61DA99AA25F752110028CD06 /* SplashScreen.swift */,
				612E692825FC935500721076 /* SplashScreenViewModel.swift */,
			);
			path = Splash;
			sourceTree = "<group>";
		};
		61BCD6AE26048137004AA34C /* Themes */ = {
			isa = PBXGroup;
			children = (
				61BCD6AA26048128004AA34C /* Theme.xcassets */,
			);
			path = Themes;
			sourceTree = "<group>";
		};
		61DA99A325F752110028CD06 = {
			isa = PBXGroup;
			children = (
				61DA99E625F756E60028CD06 /* core.framework */,
				61DA99A825F752110028CD06 /* Shared */,
				61DA99B225F752120028CD06 /* iOS */,
				61DA99B925F752120028CD06 /* macOS */,
				61DA99B125F752120028CD06 /* Products */,
				61DA99CE25F753230028CD06 /* Frameworks */,
			);
			sourceTree = "<group>";
		};
		61DA99A825F752110028CD06 /* Shared */ = {
			isa = PBXGroup;
			children = (
				612E691925FC8ECF00721076 /* Di */,
				612E691725FC8A3900721076 /* Ui */,
				61DA99A925F752110028CD06 /* GameTrackerApp.swift */,
				61DA99AB25F752120028CD06 /* Assets.xcassets */,
			);
			path = Shared;
			sourceTree = "<group>";
		};
		61DA99B125F752120028CD06 /* Products */ = {
			isa = PBXGroup;
			children = (
				61DA99B025F752120028CD06 /* Scout.app */,
				61DA99B825F752120028CD06 /* Scout.app */,
			);
			name = Products;
			sourceTree = "<group>";
		};
		61DA99B225F752120028CD06 /* iOS */ = {
			isa = PBXGroup;
			children = (
				61DA99B325F752120028CD06 /* Info.plist */,
			);
			path = iOS;
			sourceTree = "<group>";
		};
		61DA99B925F752120028CD06 /* macOS */ = {
			isa = PBXGroup;
			children = (
				61DA99BA25F752120028CD06 /* Info.plist */,
				61DA99BB25F752120028CD06 /* macOS.entitlements */,
			);
			path = macOS;
			sourceTree = "<group>";
		};
		61DA99CE25F753230028CD06 /* Frameworks */ = {
			isa = PBXGroup;
			children = (
				61DA99D625F754C00028CD06 /* core */,
				61DA99D525F754AD0028CD06 /* core.framework.dSYM */,
				61DA99CF25F753230028CD06 /* core.framework */,
			);
			name = Frameworks;
			sourceTree = "<group>";
		};
/* End PBXGroup section */

/* Begin PBXNativeTarget section */
		61DA99AF25F752120028CD06 /* Scout (iOS) */ = {
			isa = PBXNativeTarget;
			buildConfigurationList = 61DA99C425F752120028CD06 /* Build configuration list for PBXNativeTarget "Scout (iOS)" */;
			buildPhases = (
				61DA99AC25F752120028CD06 /* Sources */,
				61DA99D325F753C00028CD06 /* ShellScript */,
				61DA99AD25F752120028CD06 /* Frameworks */,
				61DA99AE25F752120028CD06 /* Resources */,
				61DA99E125F755A60028CD06 /* Embed Frameworks */,
			);
			buildRules = (
			);
			dependencies = (
			);
			name = "Scout (iOS)";
			packageProductDependencies = (
				4DC5C97C263936DB0094F3B9 /* URLImage */,
			);
			productName = "GameTracker (iOS)";
			productReference = 61DA99B025F752120028CD06 /* Scout.app */;
			productType = "com.apple.product-type.application";
		};
		61DA99B725F752120028CD06 /* Scout (macOS) */ = {
			isa = PBXNativeTarget;
			buildConfigurationList = 61DA99C725F752120028CD06 /* Build configuration list for PBXNativeTarget "Scout (macOS)" */;
			buildPhases = (
				61DA99B425F752120028CD06 /* Sources */,
				61DA99B525F752120028CD06 /* Frameworks */,
				61DA99B625F752120028CD06 /* Resources */,
			);
			buildRules = (
			);
			dependencies = (
			);
			name = "Scout (macOS)";
			productName = "GameTracker (macOS)";
			productReference = 61DA99B825F752120028CD06 /* Scout.app */;
			productType = "com.apple.product-type.application";
		};
/* End PBXNativeTarget section */

/* Begin PBXProject section */
		61DA99A425F752110028CD06 /* Project object */ = {
			isa = PBXProject;
			attributes = {
				LastSwiftUpdateCheck = 1240;
				LastUpgradeCheck = 1240;
				TargetAttributes = {
					61DA99AF25F752120028CD06 = {
						CreatedOnToolsVersion = 12.4;
					};
					61DA99B725F752120028CD06 = {
						CreatedOnToolsVersion = 12.4;
					};
				};
			};
			buildConfigurationList = 61DA99A725F752110028CD06 /* Build configuration list for PBXProject "Scout" */;
			compatibilityVersion = "Xcode 9.3";
			developmentRegion = en;
			hasScannedForEncodings = 0;
			knownRegions = (
				en,
				Base,
			);
			mainGroup = 61DA99A325F752110028CD06;
			packageReferences = (
				4DC5C97B263936DB0094F3B9 /* XCRemoteSwiftPackageReference "url-image" */,
			);
			productRefGroup = 61DA99B125F752120028CD06 /* Products */;
			projectDirPath = "";
			projectRoot = "";
			targets = (
				61DA99AF25F752120028CD06 /* Scout (iOS) */,
				61DA99B725F752120028CD06 /* Scout (macOS) */,
			);
		};
/* End PBXProject section */

/* Begin PBXResourcesBuildPhase section */
		61DA99AE25F752120028CD06 /* Resources */ = {
			isa = PBXResourcesBuildPhase;
			buildActionMask = 2147483647;
			files = (
				61DA99C025F752120028CD06 /* Assets.xcassets in Resources */,
				61BCD6AB26048128004AA34C /* Theme.xcassets in Resources */,
			);
			runOnlyForDeploymentPostprocessing = 0;
		};
		61DA99B625F752120028CD06 /* Resources */ = {
			isa = PBXResourcesBuildPhase;
			buildActionMask = 2147483647;
			files = (
				61DA99C125F752120028CD06 /* Assets.xcassets in Resources */,
				61BCD6AC26048128004AA34C /* Theme.xcassets in Resources */,
			);
			runOnlyForDeploymentPostprocessing = 0;
		};
/* End PBXResourcesBuildPhase section */

/* Begin PBXShellScriptBuildPhase section */
		61DA99D325F753C00028CD06 /* ShellScript */ = {
			isa = PBXShellScriptBuildPhase;
			buildActionMask = 2147483647;
			files = (
			);
			inputFileListPaths = (
			);
			inputPaths = (
			);
			outputFileListPaths = (
			);
			outputPaths = (
			);
			runOnlyForDeploymentPostprocessing = 0;
			shellPath = /bin/sh;
			shellScript = "cd \"$SRCROOT/../\"\n./gradlew :core:packForXcode -PXCODE_CONFIGURATION=${CONFIGURATION}\n";
		};
/* End PBXShellScriptBuildPhase section */

/* Begin PBXSourcesBuildPhase section */
		61DA99AC25F752120028CD06 /* Sources */ = {
			isa = PBXSourcesBuildPhase;
			buildActionMask = 2147483647;
			files = (
				612E691325FC871C00721076 /* Koin.swift in Sources */,
				4DC5C96E2637DAD10094F3B9 /* FullScreenZStack.swift in Sources */,
				61DA99BE25F752120028CD06 /* SplashScreen.swift in Sources */,
				4DC5C994263A7B8C0094F3B9 /* OnBoardingViewModel.swift in Sources */,
				4DC5C95A26368C820094F3B9 /* OnBoardingNavigator.swift in Sources */,
				4DC5C9722637E5A90094F3B9 /* FullScreenVStack.swift in Sources */,
				4DC5C981263937F10094F3B9 /* UrlUtils.swift in Sources */,
				4DC5C95E26368D1C0094F3B9 /* PlatformSelection.swift in Sources */,
				4DC5C98926393C120094F3B9 /* ViewExtensions.swift in Sources */,
				4DC5C96A2637D9D40094F3B9 /* LazyView.swift in Sources */,
				4DC5C9A2263A814D0094F3B9 /* SearchScreen.swift in Sources */,
				4D067D1A263BDBC00048864A /* HomeScreenViewModel.swift in Sources */,
				4DBF2B78263E6EBA00C3087D /* ExpandedList.swift in Sources */,
				4DBF2B72263E202200C3087D /* GamePosterGrid.swift in Sources */,
				4DBF2B74263E6D3000C3087D /* MainAppNavigator.swift in Sources */,
				4DC5C991263A74DA0094F3B9 /* GenreSelectionViewModel.swift in Sources */,
				61DA99BC25F752120028CD06 /* GameTrackerApp.swift in Sources */,
				4DC5C998263A7C200094F3B9 /* MainApp.swift in Sources */,
				612E692925FC935500721076 /* SplashScreenViewModel.swift in Sources */,
				4DC5C99D263A81280094F3B9 /* HomeScreen.swift in Sources */,
				4DC5C979263924EB0094F3B9 /* CircularSelectableImage.swift in Sources */,
				4DC5C98D26393FF40094F3B9 /* GenreSelection.swift in Sources */,
				4DC5C9652637D7BA0094F3B9 /* PlatformSelectionViewModel.swift in Sources */,
				4D3CFB48263E0E8900721289 /* TitledContainer.swift in Sources */,
				4DBF2B7B263E6EE200C3087D /* GameDetailScreen.swift in Sources */,
				4DC5C9A7263A816C0094F3B9 /* ProfileScreen.swift in Sources */,
				6A03A2CF82605BF2B72F758E /* HorizontalImageList.swift in Sources */,
			);
			runOnlyForDeploymentPostprocessing = 0;
		};
		61DA99B425F752120028CD06 /* Sources */ = {
			isa = PBXSourcesBuildPhase;
			buildActionMask = 2147483647;
			files = (
				612E691425FC871C00721076 /* Koin.swift in Sources */,
				61DA99BF25F752120028CD06 /* SplashScreen.swift in Sources */,
				61DA99BD25F752120028CD06 /* GameTrackerApp.swift in Sources */,
				612E692A25FC935500721076 /* SplashScreenViewModel.swift in Sources */,
			);
			runOnlyForDeploymentPostprocessing = 0;
		};
/* End PBXSourcesBuildPhase section */

/* Begin XCBuildConfiguration section */
		61DA99C225F752120028CD06 /* Debug */ = {
			isa = XCBuildConfiguration;
			buildSettings = {
				ALWAYS_SEARCH_USER_PATHS = NO;
				CLANG_ANALYZER_NONNULL = YES;
				CLANG_ANALYZER_NUMBER_OBJECT_CONVERSION = YES_AGGRESSIVE;
				CLANG_CXX_LANGUAGE_STANDARD = "gnu++14";
				CLANG_CXX_LIBRARY = "libc++";
				CLANG_ENABLE_MODULES = YES;
				CLANG_ENABLE_OBJC_ARC = YES;
				CLANG_ENABLE_OBJC_WEAK = YES;
				CLANG_WARN_BLOCK_CAPTURE_AUTORELEASING = YES;
				CLANG_WARN_BOOL_CONVERSION = YES;
				CLANG_WARN_COMMA = YES;
				CLANG_WARN_CONSTANT_CONVERSION = YES;
				CLANG_WARN_DEPRECATED_OBJC_IMPLEMENTATIONS = YES;
				CLANG_WARN_DIRECT_OBJC_ISA_USAGE = YES_ERROR;
				CLANG_WARN_DOCUMENTATION_COMMENTS = YES;
				CLANG_WARN_EMPTY_BODY = YES;
				CLANG_WARN_ENUM_CONVERSION = YES;
				CLANG_WARN_INFINITE_RECURSION = YES;
				CLANG_WARN_INT_CONVERSION = YES;
				CLANG_WARN_NON_LITERAL_NULL_CONVERSION = YES;
				CLANG_WARN_OBJC_IMPLICIT_RETAIN_SELF = YES;
				CLANG_WARN_OBJC_LITERAL_CONVERSION = YES;
				CLANG_WARN_OBJC_ROOT_CLASS = YES_ERROR;
				CLANG_WARN_QUOTED_INCLUDE_IN_FRAMEWORK_HEADER = YES;
				CLANG_WARN_RANGE_LOOP_ANALYSIS = YES;
				CLANG_WARN_STRICT_PROTOTYPES = YES;
				CLANG_WARN_SUSPICIOUS_MOVE = YES;
				CLANG_WARN_UNGUARDED_AVAILABILITY = YES_AGGRESSIVE;
				CLANG_WARN_UNREACHABLE_CODE = YES;
				CLANG_WARN__DUPLICATE_METHOD_MATCH = YES;
				COPY_PHASE_STRIP = NO;
				DEBUG_INFORMATION_FORMAT = dwarf;
				ENABLE_STRICT_OBJC_MSGSEND = YES;
				ENABLE_TESTABILITY = YES;
				GCC_C_LANGUAGE_STANDARD = gnu11;
				GCC_DYNAMIC_NO_PIC = NO;
				GCC_NO_COMMON_BLOCKS = YES;
				GCC_OPTIMIZATION_LEVEL = 0;
				GCC_PREPROCESSOR_DEFINITIONS = (
					"DEBUG=1",
					"$(inherited)",
				);
				GCC_WARN_64_TO_32_BIT_CONVERSION = YES;
				GCC_WARN_ABOUT_RETURN_TYPE = YES_ERROR;
				GCC_WARN_UNDECLARED_SELECTOR = YES;
				GCC_WARN_UNINITIALIZED_AUTOS = YES_AGGRESSIVE;
				GCC_WARN_UNUSED_FUNCTION = YES;
				GCC_WARN_UNUSED_VARIABLE = YES;
				MTL_ENABLE_DEBUG_INFO = INCLUDE_SOURCE;
				MTL_FAST_MATH = YES;
				ONLY_ACTIVE_ARCH = YES;
				OTHER_LDFLAGS = "\"-Xlinker -interposable\"";
				SWIFT_ACTIVE_COMPILATION_CONDITIONS = DEBUG;
				SWIFT_OPTIMIZATION_LEVEL = "-Onone";
			};
			name = Debug;
		};
		61DA99C325F752120028CD06 /* Release */ = {
			isa = XCBuildConfiguration;
			buildSettings = {
				ALWAYS_SEARCH_USER_PATHS = NO;
				CLANG_ANALYZER_NONNULL = YES;
				CLANG_ANALYZER_NUMBER_OBJECT_CONVERSION = YES_AGGRESSIVE;
				CLANG_CXX_LANGUAGE_STANDARD = "gnu++14";
				CLANG_CXX_LIBRARY = "libc++";
				CLANG_ENABLE_MODULES = YES;
				CLANG_ENABLE_OBJC_ARC = YES;
				CLANG_ENABLE_OBJC_WEAK = YES;
				CLANG_WARN_BLOCK_CAPTURE_AUTORELEASING = YES;
				CLANG_WARN_BOOL_CONVERSION = YES;
				CLANG_WARN_COMMA = YES;
				CLANG_WARN_CONSTANT_CONVERSION = YES;
				CLANG_WARN_DEPRECATED_OBJC_IMPLEMENTATIONS = YES;
				CLANG_WARN_DIRECT_OBJC_ISA_USAGE = YES_ERROR;
				CLANG_WARN_DOCUMENTATION_COMMENTS = YES;
				CLANG_WARN_EMPTY_BODY = YES;
				CLANG_WARN_ENUM_CONVERSION = YES;
				CLANG_WARN_INFINITE_RECURSION = YES;
				CLANG_WARN_INT_CONVERSION = YES;
				CLANG_WARN_NON_LITERAL_NULL_CONVERSION = YES;
				CLANG_WARN_OBJC_IMPLICIT_RETAIN_SELF = YES;
				CLANG_WARN_OBJC_LITERAL_CONVERSION = YES;
				CLANG_WARN_OBJC_ROOT_CLASS = YES_ERROR;
				CLANG_WARN_QUOTED_INCLUDE_IN_FRAMEWORK_HEADER = YES;
				CLANG_WARN_RANGE_LOOP_ANALYSIS = YES;
				CLANG_WARN_STRICT_PROTOTYPES = YES;
				CLANG_WARN_SUSPICIOUS_MOVE = YES;
				CLANG_WARN_UNGUARDED_AVAILABILITY = YES_AGGRESSIVE;
				CLANG_WARN_UNREACHABLE_CODE = YES;
				CLANG_WARN__DUPLICATE_METHOD_MATCH = YES;
				COPY_PHASE_STRIP = NO;
				DEBUG_INFORMATION_FORMAT = "dwarf-with-dsym";
				ENABLE_NS_ASSERTIONS = NO;
				ENABLE_STRICT_OBJC_MSGSEND = YES;
				GCC_C_LANGUAGE_STANDARD = gnu11;
				GCC_NO_COMMON_BLOCKS = YES;
				GCC_WARN_64_TO_32_BIT_CONVERSION = YES;
				GCC_WARN_ABOUT_RETURN_TYPE = YES_ERROR;
				GCC_WARN_UNDECLARED_SELECTOR = YES;
				GCC_WARN_UNINITIALIZED_AUTOS = YES_AGGRESSIVE;
				GCC_WARN_UNUSED_FUNCTION = YES;
				GCC_WARN_UNUSED_VARIABLE = YES;
				MTL_ENABLE_DEBUG_INFO = NO;
				MTL_FAST_MATH = YES;
				OTHER_LDFLAGS = "\"-Xlinker -interposable\"";
				SWIFT_COMPILATION_MODE = wholemodule;
				SWIFT_OPTIMIZATION_LEVEL = "-O";
			};
			name = Release;
		};
		61DA99C525F752120028CD06 /* Debug */ = {
			isa = XCBuildConfiguration;
			buildSettings = {
				ASSETCATALOG_COMPILER_APPICON_NAME = appIcon;
				ASSETCATALOG_COMPILER_GLOBAL_ACCENT_COLOR_NAME = AccentColor;
				CODE_SIGN_STYLE = Automatic;
				ENABLE_PREVIEWS = YES;
				FRAMEWORK_SEARCH_PATHS = "../core/build/xcode-frameworks/**";
				INFOPLIST_FILE = iOS/Info.plist;
				IPHONEOS_DEPLOYMENT_TARGET = 14.0;
				LD_RUNPATH_SEARCH_PATHS = (
					"$(inherited)",
					"@executable_path/Frameworks",
				);
				PRODUCT_BUNDLE_IDENTIFIER = com.abhishekdewan101.Scout;
				PRODUCT_NAME = Scout;
				SDKROOT = iphoneos;
				SWIFT_VERSION = 5.0;
				TARGETED_DEVICE_FAMILY = "1,2";
			};
			name = Debug;
		};
		61DA99C625F752120028CD06 /* Release */ = {
			isa = XCBuildConfiguration;
			buildSettings = {
				ASSETCATALOG_COMPILER_APPICON_NAME = appIcon;
				ASSETCATALOG_COMPILER_GLOBAL_ACCENT_COLOR_NAME = AccentColor;
				CODE_SIGN_STYLE = Automatic;
				ENABLE_PREVIEWS = YES;
				FRAMEWORK_SEARCH_PATHS = "../core/build/xcode-frameworks/**";
				INFOPLIST_FILE = iOS/Info.plist;
				IPHONEOS_DEPLOYMENT_TARGET = 14.0;
				LD_RUNPATH_SEARCH_PATHS = (
					"$(inherited)",
					"@executable_path/Frameworks",
				);
				PRODUCT_BUNDLE_IDENTIFIER = com.abhishekdewan101.Scout;
				PRODUCT_NAME = Scout;
				SDKROOT = iphoneos;
				SWIFT_VERSION = 5.0;
				TARGETED_DEVICE_FAMILY = "1,2";
				VALIDATE_PRODUCT = YES;
			};
			name = Release;
		};
		61DA99C825F752120028CD06 /* Debug */ = {
			isa = XCBuildConfiguration;
			buildSettings = {
				ASSETCATALOG_COMPILER_APPICON_NAME = AppIcon;
				ASSETCATALOG_COMPILER_GLOBAL_ACCENT_COLOR_NAME = AccentColor;
				CODE_SIGN_ENTITLEMENTS = macOS/macOS.entitlements;
				CODE_SIGN_STYLE = Automatic;
				COMBINE_HIDPI_IMAGES = YES;
				ENABLE_PREVIEWS = YES;
				INFOPLIST_FILE = macOS/Info.plist;
				LD_RUNPATH_SEARCH_PATHS = (
					"$(inherited)",
					"@executable_path/../Frameworks",
				);
				MACOSX_DEPLOYMENT_TARGET = 11.0;
				PRODUCT_BUNDLE_IDENTIFIER = com.abhishekdewan101.GameTracker;
				PRODUCT_NAME = Scout;
				SDKROOT = macosx;
				SWIFT_VERSION = 5.0;
			};
			name = Debug;
		};
		61DA99C925F752120028CD06 /* Release */ = {
			isa = XCBuildConfiguration;
			buildSettings = {
				ASSETCATALOG_COMPILER_APPICON_NAME = AppIcon;
				ASSETCATALOG_COMPILER_GLOBAL_ACCENT_COLOR_NAME = AccentColor;
				CODE_SIGN_ENTITLEMENTS = macOS/macOS.entitlements;
				CODE_SIGN_STYLE = Automatic;
				COMBINE_HIDPI_IMAGES = YES;
				ENABLE_PREVIEWS = YES;
				INFOPLIST_FILE = macOS/Info.plist;
				LD_RUNPATH_SEARCH_PATHS = (
					"$(inherited)",
					"@executable_path/../Frameworks",
				);
				MACOSX_DEPLOYMENT_TARGET = 11.0;
				PRODUCT_BUNDLE_IDENTIFIER = com.abhishekdewan101.GameTracker;
				PRODUCT_NAME = Scout;
				SDKROOT = macosx;
				SWIFT_VERSION = 5.0;
			};
			name = Release;
		};
/* End XCBuildConfiguration section */

/* Begin XCConfigurationList section */
		61DA99A725F752110028CD06 /* Build configuration list for PBXProject "Scout" */ = {
			isa = XCConfigurationList;
			buildConfigurations = (
				61DA99C225F752120028CD06 /* Debug */,
				61DA99C325F752120028CD06 /* Release */,
			);
			defaultConfigurationIsVisible = 0;
			defaultConfigurationName = Release;
		};
		61DA99C425F752120028CD06 /* Build configuration list for PBXNativeTarget "Scout (iOS)" */ = {
			isa = XCConfigurationList;
			buildConfigurations = (
				61DA99C525F752120028CD06 /* Debug */,
				61DA99C625F752120028CD06 /* Release */,
			);
			defaultConfigurationIsVisible = 0;
			defaultConfigurationName = Release;
		};
		61DA99C725F752120028CD06 /* Build configuration list for PBXNativeTarget "Scout (macOS)" */ = {
			isa = XCConfigurationList;
			buildConfigurations = (
				61DA99C825F752120028CD06 /* Debug */,
				61DA99C925F752120028CD06 /* Release */,
			);
			defaultConfigurationIsVisible = 0;
			defaultConfigurationName = Release;
		};
/* End XCConfigurationList section */

/* Begin XCRemoteSwiftPackageReference section */
		4DC5C97B263936DB0094F3B9 /* XCRemoteSwiftPackageReference "url-image" */ = {
			isa = XCRemoteSwiftPackageReference;
			repositoryURL = "https://github.com/dmytro-anokhin/url-image";
			requirement = {
				kind = upToNextMajorVersion;
				minimumVersion = 2.2.4;
			};
		};
/* End XCRemoteSwiftPackageReference section */

/* Begin XCSwiftPackageProductDependency section */
		4DC5C97C263936DB0094F3B9 /* URLImage */ = {
			isa = XCSwiftPackageProductDependency;
			package = 4DC5C97B263936DB0094F3B9 /* XCRemoteSwiftPackageReference "url-image" */;
			productName = URLImage;
		};
/* End XCSwiftPackageProductDependency section */
	};
	rootObject = 61DA99A425F752110028CD06 /* Project object */;
}
